
Microsoft Visual Studio Solution File, Format Version 12.00
# Visual Studio Version 16
VisualStudioVersion = 16.0.30225.117
MinimumVisualStudioVersion = 10.0.40219.1
Project("{9A19103F-16F7-4668-BE54-9A1E7A4F7556}") = "AtheerCore", "AtheerCore\AtheerCore.csproj", "{DAB1D91E-259D-4EDE-8E20-00205D5FACA9}"
EndProject
Project("{9A19103F-16F7-4668-BE54-9A1E7A4F7556}") = "AtheerBackend", "AtheerBackend\AtheerBackend.csproj", "{30F3D641-505A-4428-87F4-9490E0B5ABA7}"
	ProjectSection(ProjectDependencies) = postProject
		{DAB1D91E-259D-4EDE-8E20-00205D5FACA9} = {DAB1D91E-259D-4EDE-8E20-00205D5FACA9}
	EndProjectSection
EndProject
Project("{9A19103F-16F7-4668-BE54-9A1E7A4F7556}") = "AtheerBlogWriterBackend", "AtheerBlogWriterBackend\AtheerBlogWriterBackend.csproj", "{B7281D65-DFDB-4661-8903-F37CF55E6CF6}"
	ProjectSection(ProjectDependencies) = postProject
		{DAB1D91E-259D-4EDE-8E20-00205D5FACA9} = {DAB1D91E-259D-4EDE-8E20-00205D5FACA9}
	EndProjectSection
EndProject
Project("{FAE04EC0-301F-11D3-BF4B-00C04F79EFBC}") = "Atheer", "Atheer\Atheer.csproj", "{1D194484-F743-48A8-8942-E0FD13CED057}"
EndProject
Project("{FAE04EC0-301F-11D3-BF4B-00C04F79EFBC}") = "AtheerEditorApp", "AtheerEditorApp\AtheerEditorApp.csproj", "{78AE02C0-193B-4CBC-8AEC-1A6F12EC79AF}"
	ProjectSection(ProjectDependencies) = postProject
		{DAB1D91E-259D-4EDE-8E20-00205D5FACA9} = {DAB1D91E-259D-4EDE-8E20-00205D5FACA9}
	EndProjectSection
EndProject
Global
	GlobalSection(SolutionConfigurationPlatforms) = preSolution
		Debug|Any CPU = Debug|Any CPU
		Release|Any CPU = Release|Any CPU
	EndGlobalSection
	GlobalSection(ProjectConfigurationPlatforms) = postSolution
		{DAB1D91E-259D-4EDE-8E20-00205D5FACA9}.Debug|Any CPU.ActiveCfg = Debug|Any CPU
		{DAB1D91E-259D-4EDE-8E20-00205D5FACA9}.Debug|Any CPU.Build.0 = Debug|Any CPU
		{DAB1D91E-259D-4EDE-8E20-00205D5FACA9}.Release|Any CPU.ActiveCfg = Release|Any CPU
		{DAB1D91E-259D-4EDE-8E20-00205D5FACA9}.Release|Any CPU.Build.0 = Release|Any CPU
		{30F3D641-505A-4428-87F4-9490E0B5ABA7}.Debug|Any CPU.ActiveCfg = Debug|Any CPU
		{30F3D641-505A-4428-87F4-9490E0B5ABA7}.Debug|Any CPU.Build.0 = Debug|Any CPU
		{30F3D641-505A-4428-87F4-9490E0B5ABA7}.Release|Any CPU.ActiveCfg = Release|Any CPU
		{30F3D641-505A-4428-87F4-9490E0B5ABA7}.Release|Any CPU.Build.0 = Release|Any CPU
		{B7281D65-DFDB-4661-8903-F37CF55E6CF6}.Debug|Any CPU.ActiveCfg = Debug|Any CPU
		{B7281D65-DFDB-4661-8903-F37CF55E6CF6}.Debug|Any CPU.Build.0 = Debug|Any CPU
		{B7281D65-DFDB-4661-8903-F37CF55E6CF6}.Release|Any CPU.ActiveCfg = Release|Any CPU
		{B7281D65-DFDB-4661-8903-F37CF55E6CF6}.Release|Any CPU.Build.0 = Release|Any CPU
		{1D194484-F743-48A8-8942-E0FD13CED057}.Debug|Any CPU.ActiveCfg = Debug|Any CPU
		{1D194484-F743-48A8-8942-E0FD13CED057}.Debug|Any CPU.Build.0 = Debug|Any CPU
		{1D194484-F743-48A8-8942-E0FD13CED057}.Release|Any CPU.ActiveCfg = Release|Any CPU
		{1D194484-F743-48A8-8942-E0FD13CED057}.Release|Any CPU.Build.0 = Release|Any CPU
		{78AE02C0-193B-4CBC-8AEC-1A6F12EC79AF}.Debug|Any CPU.ActiveCfg = Debug|Any CPU
		{78AE02C0-193B-4CBC-8AEC-1A6F12EC79AF}.Debug|Any CPU.Build.0 = Debug|Any CPU
		{78AE02C0-193B-4CBC-8AEC-1A6F12EC79AF}.Release|Any CPU.ActiveCfg = Release|Any CPU
		{78AE02C0-193B-4CBC-8AEC-1A6F12EC79AF}.Release|Any CPU.Build.0 = Release|Any CPU
	EndGlobalSection
	GlobalSection(SolutionProperties) = preSolution
		HideSolutionNode = FALSE
	EndGlobalSection
	GlobalSection(ExtensibilityGlobals) = postSolution
		SolutionGuid = {232F1FBB-3698-406C-94C1-DC8F19C8506C}
	EndGlobalSection
EndGlobal
